// !$*UTF8*$!
{
	archiveVersion = 1;
	classes = {
	};
	objectVersion = 46;
	objects = {

/* Begin PBXBuildFile section */
		0791ABF21BE7AF0C005D0B6F /* DNMModel.framework in Frameworks */ = {isa = PBXBuildFile; fileRef = 0791ABF11BE7AF0C005D0B6F /* DNMModel.framework */; };
		0791ABF41BE7AF1E005D0B6F /* DNMUtility.framework in Frameworks */ = {isa = PBXBuildFile; fileRef = 0791ABF31BE7AF1E005D0B6F /* DNMUtility.framework */; };
		07F3E5DF1BE541B500948758 /* DNMMetricalAnalysis.h in Headers */ = {isa = PBXBuildFile; fileRef = 07F3E5DE1BE541B500948758 /* DNMMetricalAnalysis.h */; settings = {ATTRIBUTES = (Public, ); }; };
		07F3E5E61BE541B500948758 /* DNMMetricalAnalysis.framework in Frameworks */ = {isa = PBXBuildFile; fileRef = 07F3E5DB1BE541B500948758 /* DNMMetricalAnalysis.framework */; };
		07F3E5EB1BE541B500948758 /* DNMMetricalAnalysisTests.swift in Sources */ = {isa = PBXBuildFile; fileRef = 07F3E5EA1BE541B500948758 /* DNMMetricalAnalysisTests.swift */; };
		07F3E60F1BE5438400948758 /* MetricalAnalyzer.swift in Sources */ = {isa = PBXBuildFile; fileRef = 07F3E60E1BE5438400948758 /* MetricalAnalyzer.swift */; };
/* End PBXBuildFile section */

/* Begin PBXContainerItemProxy section */
		07F3E5E71BE541B500948758 /* PBXContainerItemProxy */ = {
			isa = PBXContainerItemProxy;
			containerPortal = 07F3E5D21BE541B500948758 /* Project object */;
			proxyType = 1;
			remoteGlobalIDString = 07F3E5DA1BE541B500948758;
			remoteInfo = DNMMetricalAnalysis;
		};
/* End PBXContainerItemProxy section */

/* Begin PBXFileReference section */
		0791ABF11BE7AF0C005D0B6F /* DNMModel.framework */ = {isa = PBXFileReference; lastKnownFileType = wrapper.framework; name = DNMModel.framework; path = "../../Library/Developer/Xcode/DerivedData/DNMKit-esdtrfkhfgwporgtaosmhetlvrqe/Build/Products/Debug-iphoneos/DNMModel.framework"; sourceTree = "<group>"; };
		0791ABF31BE7AF1E005D0B6F /* DNMUtility.framework */ = {isa = PBXFileReference; lastKnownFileType = wrapper.framework; name = DNMUtility.framework; path = "../../Library/Developer/Xcode/DerivedData/DNMKit-esdtrfkhfgwporgtaosmhetlvrqe/Build/Products/Debug-iphoneos/DNMUtility.framework"; sourceTree = "<group>"; };
		07F3E5DB1BE541B500948758 /* DNMMetricalAnalysis.framework */ = {isa = PBXFileReference; explicitFileType = wrapper.framework; includeInIndex = 0; path = DNMMetricalAnalysis.framework; sourceTree = BUILT_PRODUCTS_DIR; };
		07F3E5DE1BE541B500948758 /* DNMMetricalAnalysis.h */ = {isa = PBXFileReference; lastKnownFileType = sourcecode.c.h; path = DNMMetricalAnalysis.h; sourceTree = "<group>"; };
		07F3E5E01BE541B500948758 /* Info.plist */ = {isa = PBXFileReference; lastKnownFileType = text.plist.xml; path = Info.plist; sourceTree = "<group>"; };
		07F3E5E51BE541B500948758 /* DNMMetricalAnalysisTests.xctest */ = {isa = PBXFileReference; explicitFileType = wrapper.cfbundle; includeInIndex = 0; path = DNMMetricalAnalysisTests.xctest; sourceTree = BUILT_PRODUCTS_DIR; };
		07F3E5EA1BE541B500948758 /* DNMMetricalAnalysisTests.swift */ = {isa = PBXFileReference; lastKnownFileType = sourcecode.swift; path = DNMMetricalAnalysisTests.swift; sourceTree = "<group>"; };
		07F3E5EC1BE541B500948758 /* Info.plist */ = {isa = PBXFileReference; lastKnownFileType = text.plist.xml; path = Info.plist; sourceTree = "<group>"; };
		07F3E60E1BE5438400948758 /* MetricalAnalyzer.swift */ = {isa = PBXFileReference; fileEncoding = 4; lastKnownFileType = sourcecode.swift; path = MetricalAnalyzer.swift; sourceTree = "<group>"; };
/* End PBXFileReference section */

/* Begin PBXFrameworksBuildPhase section */
		07F3E5D71BE541B500948758 /* Frameworks */ = {
			isa = PBXFrameworksBuildPhase;
			buildActionMask = 2147483647;
			files = (
				0791ABF41BE7AF1E005D0B6F /* DNMUtility.framework in Frameworks */,
				0791ABF21BE7AF0C005D0B6F /* DNMModel.framework in Frameworks */,
			);
			runOnlyForDeploymentPostprocessing = 0;
		};
		07F3E5E21BE541B500948758 /* Frameworks */ = {
			isa = PBXFrameworksBuildPhase;
			buildActionMask = 2147483647;
			files = (
				07F3E5E61BE541B500948758 /* DNMMetricalAnalysis.framework in Frameworks */,
			);
			runOnlyForDeploymentPostprocessing = 0;
		};
/* End PBXFrameworksBuildPhase section */

/* Begin PBXGroup section */
		07F3E5D11BE541B500948758 = {
			isa = PBXGroup;
			children = (
				0791ABF31BE7AF1E005D0B6F /* DNMUtility.framework */,
				0791ABF11BE7AF0C005D0B6F /* DNMModel.framework */,
				07F3E5DD1BE541B500948758 /* DNMMetricalAnalysis */,
				07F3E5E91BE541B500948758 /* DNMMetricalAnalysisTests */,
				07F3E5DC1BE541B500948758 /* Products */,
			);
			sourceTree = "<group>";
		};
		07F3E5DC1BE541B500948758 /* Products */ = {
			isa = PBXGroup;
			children = (
				07F3E5DB1BE541B500948758 /* DNMMetricalAnalysis.framework */,
				07F3E5E51BE541B500948758 /* DNMMetricalAnalysisTests.xctest */,
			);
			name = Products;
			sourceTree = "<group>";
		};
		07F3E5DD1BE541B500948758 /* DNMMetricalAnalysis */ = {
			isa = PBXGroup;
			children = (
				07F3E60E1BE5438400948758 /* MetricalAnalyzer.swift */,
				07F3E5DE1BE541B500948758 /* DNMMetricalAnalysis.h */,
				07F3E5E01BE541B500948758 /* Info.plist */,
			);
			path = DNMMetricalAnalysis;
			sourceTree = "<group>";
		};
		07F3E5E91BE541B500948758 /* DNMMetricalAnalysisTests */ = {
			isa = PBXGroup;
			children = (
				07F3E5EA1BE541B500948758 /* DNMMetricalAnalysisTests.swift */,
				07F3E5EC1BE541B500948758 /* Info.plist */,
			);
			path = DNMMetricalAnalysisTests;
			sourceTree = "<group>";
		};
/* End PBXGroup section */

/* Begin PBXHeadersBuildPhase section */
		07F3E5D81BE541B500948758 /* Headers */ = {
			isa = PBXHeadersBuildPhase;
			buildActionMask = 2147483647;
			files = (
				07F3E5DF1BE541B500948758 /* DNMMetricalAnalysis.h in Headers */,
			);
			runOnlyForDeploymentPostprocessing = 0;
		};
/* End PBXHeadersBuildPhase section */

/* Begin PBXNativeTarget section */
		07F3E5DA1BE541B500948758 /* DNMMetricalAnalysis */ = {
			isa = PBXNativeTarget;
			buildConfigurationList = 07F3E5EF1BE541B500948758 /* Build configuration list for PBXNativeTarget "DNMMetricalAnalysis" */;
			buildPhases = (
				07F3E5D61BE541B500948758 /* Sources */,
				07F3E5D71BE541B500948758 /* Frameworks */,
				07F3E5D81BE541B500948758 /* Headers */,
				07F3E5D91BE541B500948758 /* Resources */,
			);
			buildRules = (
			);
			dependencies = (
			);
			name = DNMMetricalAnalysis;
			productName = DNMMetricalAnalysis;
			productReference = 07F3E5DB1BE541B500948758 /* DNMMetricalAnalysis.framework */;
			productType = "com.apple.product-type.framework";
		};
		07F3E5E41BE541B500948758 /* DNMMetricalAnalysisTests */ = {
			isa = PBXNativeTarget;
			buildConfigurationList = 07F3E5F21BE541B500948758 /* Build configuration list for PBXNativeTarget "DNMMetricalAnalysisTests" */;
			buildPhases = (
				07F3E5E11BE541B500948758 /* Sources */,
				07F3E5E21BE541B500948758 /* Frameworks */,
				07F3E5E31BE541B500948758 /* Resources */,
			);
			buildRules = (
			);
			dependencies = (
				07F3E5E81BE541B500948758 /* PBXTargetDependency */,
			);
			name = DNMMetricalAnalysisTests;
			productName = DNMMetricalAnalysisTests;
			productReference = 07F3E5E51BE541B500948758 /* DNMMetricalAnalysisTests.xctest */;
			productType = "com.apple.product-type.bundle.unit-test";
		};
/* End PBXNativeTarget section */

/* Begin PBXProject section */
		07F3E5D21BE541B500948758 /* Project object */ = {
			isa = PBXProject;
			attributes = {
				LastSwiftUpdateCheck = 0710;
				LastUpgradeCheck = 0710;
				ORGANIZATIONNAME = "James Bean";
				TargetAttributes = {
					07F3E5DA1BE541B500948758 = {
						CreatedOnToolsVersion = 7.1;
					};
					07F3E5E41BE541B500948758 = {
						CreatedOnToolsVersion = 7.1;
					};
				};
			};
			buildConfigurationList = 07F3E5D51BE541B500948758 /* Build configuration list for PBXProject "DNMMetricalAnalysis" */;
			compatibilityVersion = "Xcode 3.2";
			developmentRegion = English;
			hasScannedForEncodings = 0;
			knownRegions = (
				en,
			);
			mainGroup = 07F3E5D11BE541B500948758;
			productRefGroup = 07F3E5DC1BE541B500948758 /* Products */;
			projectDirPath = "";
			projectRoot = "";
			targets = (
				07F3E5DA1BE541B500948758 /* DNMMetricalAnalysis */,
				07F3E5E41BE541B500948758 /* DNMMetricalAnalysisTests */,
			);
		};
/* End PBXProject section */

/* Begin PBXResourcesBuildPhase section */
		07F3E5D91BE541B500948758 /* Resources */ = {
			isa = PBXResourcesBuildPhase;
			buildActionMask = 2147483647;
			files = (
			);
			runOnlyForDeploymentPostprocessing = 0;
		};
		07F3E5E31BE541B500948758 /* Resources */ = {
			isa = PBXResourcesBuildPhase;
			buildActionMask = 2147483647;
			files = (
			);
			runOnlyForDeploymentPostprocessing = 0;
		};
/* End PBXResourcesBuildPhase section */

/* Begin PBXSourcesBuildPhase section */
		07F3E5D61BE541B500948758 /* Sources */ = {
			isa = PBXSourcesBuildPhase;
			buildActionMask = 2147483647;
			files = (
				07F3E60F1BE5438400948758 /* MetricalAnalyzer.swift in Sources */,
			);
			runOnlyForDeploymentPostprocessing = 0;
		};
		07F3E5E11BE541B500948758 /* Sources */ = {
			isa = PBXSourcesBuildPhase;
			buildActionMask = 2147483647;
			files = (
				07F3E5EB1BE541B500948758 /* DNMMetricalAnalysisTests.swift in Sources */,
			);
			runOnlyForDeploymentPostprocessing = 0;
		};
/* End PBXSourcesBuildPhase section */

/* Begin PBXTargetDependency section */
		07F3E5E81BE541B500948758 /* PBXTargetDependency */ = {
			isa = PBXTargetDependency;
			target = 07F3E5DA1BE541B500948758 /* DNMMetricalAnalysis */;
			targetProxy = 07F3E5E71BE541B500948758 /* PBXContainerItemProxy */;
		};
/* End PBXTargetDependency section */

/* Begin XCBuildConfiguration section */
		07F3E5ED1BE541B500948758 /* Debug */ = {
			isa = XCBuildConfiguration;
			buildSettings = {
				ALWAYS_SEARCH_USER_PATHS = NO;
				CLANG_CXX_LANGUAGE_STANDARD = "gnu++0x";
				CLANG_CXX_LIBRARY = "libc++";
				CLANG_ENABLE_MODULES = YES;
				CLANG_ENABLE_OBJC_ARC = YES;
				CLANG_WARN_BOOL_CONVERSION = YES;
				CLANG_WARN_CONSTANT_CONVERSION = YES;
				CLANG_WARN_DIRECT_OBJC_ISA_USAGE = YES_ERROR;
				CLANG_WARN_EMPTY_BODY = YES;
				CLANG_WARN_ENUM_CONVERSION = YES;
				CLANG_WARN_INT_CONVERSION = YES;
				CLANG_WARN_OBJC_ROOT_CLASS = YES_ERROR;
				CLANG_WARN_UNREACHABLE_CODE = YES;
				CLANG_WARN__DUPLICATE_METHOD_MATCH = YES;
				"CODE_SIGN_IDENTITY[sdk=iphoneos*]" = "iPhone Developer";
				COPY_PHASE_STRIP = NO;
				CURRENT_PROJECT_VERSION = 1;
				DEBUG_INFORMATION_FORMAT = dwarf;
				ENABLE_STRICT_OBJC_MSGSEND = YES;
				ENABLE_TESTABILITY = YES;
				GCC_C_LANGUAGE_STANDARD = gnu99;
				GCC_DYNAMIC_NO_PIC = NO;
				GCC_NO_COMMON_BLOCKS = YES;
				GCC_OPTIMIZATION_LEVEL = 0;
				GCC_PREPROCESSOR_DEFINITIONS = (
					"DEBUG=1",
					"$(inherited)",
				);
				GCC_WARN_64_TO_32_BIT_CONVERSION = YES;
				GCC_WARN_ABOUT_RETURN_TYPE = YES_ERROR;
				GCC_WARN_UNDECLARED_SELECTOR = YES;
				GCC_WARN_UNINITIALIZED_AUTOS = YES_AGGRESSIVE;
				GCC_WARN_UNUSED_FUNCTION = YES;
				GCC_WARN_UNUSED_VARIABLE = YES;
				IPHONEOS_DEPLOYMENT_TARGET = 9.1;
				MTL_ENABLE_DEBUG_INFO = YES;
				ONLY_ACTIVE_ARCH = YES;
				SDKROOT = iphoneos;
				SWIFT_OPTIMIZATION_LEVEL = "-Onone";
				TARGETED_DEVICE_FAMILY = "1,2";
				VERSIONING_SYSTEM = "apple-generic";
				VERSION_INFO_PREFIX = "";
			};
			name = Debug;
		};
		07F3E5EE1BE541B500948758 /* Release */ = {
			isa = XCBuildConfiguration;
			buildSettings = {
				ALWAYS_SEARCH_USER_PATHS = NO;
				CLANG_CXX_LANGUAGE_STANDARD = "gnu++0x";
				CLANG_CXX_LIBRARY = "libc++";
				CLANG_ENABLE_MODULES = YES;
				CLANG_ENABLE_OBJC_ARC = YES;
				CLANG_WARN_BOOL_CONVERSION = YES;
				CLANG_WARN_CONSTANT_CONVERSION = YES;
				CLANG_WARN_DIRECT_OBJC_ISA_USAGE = YES_ERROR;
				CLANG_WARN_EMPTY_BODY = YES;
				CLANG_WARN_ENUM_CONVERSION = YES;
				CLANG_WARN_INT_CONVERSION = YES;
				CLANG_WARN_OBJC_ROOT_CLASS = YES_ERROR;
				CLANG_WARN_UNREACHABLE_CODE = YES;
				CLANG_WARN__DUPLICATE_METHOD_MATCH = YES;
				"CODE_SIGN_IDENTITY[sdk=iphoneos*]" = "iPhone Developer";
				COPY_PHASE_STRIP = NO;
				CURRENT_PROJECT_VERSION = 1;
				DEBUG_INFORMATION_FORMAT = "dwarf-with-dsym";
				ENABLE_NS_ASSERTIONS = NO;
				ENABLE_STRICT_OBJC_MSGSEND = YES;
				GCC_C_LANGUAGE_STANDARD = gnu99;
				GCC_NO_COMMON_BLOCKS = YES;
				GCC_WARN_64_TO_32_BIT_CONVERSION = YES;
				GCC_WARN_ABOUT_RETURN_TYPE = YES_ERROR;
				GCC_WARN_UNDECLARED_SELECTOR = YES;
				GCC_WARN_UNINITIALIZED_AUTOS = YES_AGGRESSIVE;
				GCC_WARN_UNUSED_FUNCTION = YES;
				GCC_WARN_UNUSED_VARIABLE = YES;
				IPHONEOS_DEPLOYMENT_TARGET = 9.1;
				MTL_ENABLE_DEBUG_INFO = NO;
				SDKROOT = iphoneos;
				TARGETED_DEVICE_FAMILY = "1,2";
				VALIDATE_PRODUCT = YES;
				VERSIONING_SYSTEM = "apple-generic";
				VERSION_INFO_PREFIX = "";
			};
			name = Release;
		};
		07F3E5F01BE541B500948758 /* Debug */ = {
			isa = XCBuildConfiguration;
			buildSettings = {
				CLANG_ENABLE_MODULES = YES;
				DEFINES_MODULE = YES;
				DYLIB_COMPATIBILITY_VERSION = 1;
				DYLIB_CURRENT_VERSION = 1;
				DYLIB_INSTALL_NAME_BASE = "@rpath";
				INFOPLIST_FILE = DNMMetricalAnalysis/Info.plist;
				INSTALL_PATH = "$(LOCAL_LIBRARY_DIR)/Frameworks";
				LD_RUNPATH_SEARCH_PATHS = "$(inherited) @executable_path/Frameworks @loader_path/Frameworks";
				PRODUCT_BUNDLE_IDENTIFIER = com.bean.DNMMetricalAnalysis;
				PRODUCT_NAME = "$(TARGET_NAME)";
				SKIP_INSTALL = YES;
				SWIFT_OPTIMIZATION_LEVEL = "-Onone";
			};
			name = Debug;
		};
		07F3E5F11BE541B500948758 /* Release */ = {
			isa = XCBuildConfiguration;
			buildSettings = {
				CLANG_ENABLE_MODULES = YES;
				DEFINES_MODULE = YES;
				DYLIB_COMPATIBILITY_VERSION = 1;
				DYLIB_CURRENT_VERSION = 1;
				DYLIB_INSTALL_NAME_BASE = "@rpath";
				INFOPLIST_FILE = DNMMetricalAnalysis/Info.plist;
				INSTALL_PATH = "$(LOCAL_LIBRARY_DIR)/Frameworks";
				LD_RUNPATH_SEARCH_PATHS = "$(inherited) @executable_path/Frameworks @loader_path/Frameworks";
				PRODUCT_BUNDLE_IDENTIFIER = com.bean.DNMMetricalAnalysis;
				PRODUCT_NAME = "$(TARGET_NAME)";
				SKIP_INSTALL = YES;
			};
			name = Release;
		};
		07F3E5F31BE541B500948758 /* Debug */ = {
			isa = XCBuildConfiguration;
			buildSettings = {
				INFOPLIST_FILE = DNMMetricalAnalysisTests/Info.plist;
				LD_RUNPATH_SEARCH_PATHS = "$(inherited) @executable_path/Frameworks @loader_path/Frameworks";
				PRODUCT_BUNDLE_IDENTIFIER = com.bean.DNMMetricalAnalysisTests;
				PRODUCT_NAME = "$(TARGET_NAME)";
			};
			name = Debug;
		};
		07F3E5F41BE541B500948758 /* Release */ = {
			isa = XCBuildConfiguration;
			buildSettings = {
				INFOPLIST_FILE = DNMMetricalAnalysisTests/Info.plist;
				LD_RUNPATH_SEARCH_PATHS = "$(inherited) @executable_path/Frameworks @loader_path/Frameworks";
				PRODUCT_BUNDLE_IDENTIFIER = com.bean.DNMMetricalAnalysisTests;
				PRODUCT_NAME = "$(TARGET_NAME)";
			};
			name = Release;
		};
/* End XCBuildConfiguration section */

/* Begin XCConfigurationList section */
		07F3E5D51BE541B500948758 /* Build configuration list for PBXProject "DNMMetricalAnalysis" */ = {
			isa = XCConfigurationList;
			buildConfigurations = (
				07F3E5ED1BE541B500948758 /* Debug */,
				07F3E5EE1BE541B500948758 /* Release */,
			);
			defaultConfigurationIsVisible = 0;
			defaultConfigurationName = Release;
		};
		07F3E5EF1BE541B500948758 /* Build configuration list for PBXNativeTarget "DNMMetricalAnalysis" */ = {
			isa = XCConfigurationList;
			buildConfigurations = (
				07F3E5F01BE541B500948758 /* Debug */,
				07F3E5F11BE541B500948758 /* Release */,
			);
			defaultConfigurationIsVisible = 0;
			defaultConfigurationName = Release;
		};
		07F3E5F21BE541B500948758 /* Build configuration list for PBXNativeTarget "DNMMetricalAnalysisTests" */ = {
			isa = XCConfigurationList;
			buildConfigurations = (
				07F3E5F31BE541B500948758 /* Debug */,
				07F3E5F41BE541B500948758 /* Release */,
			);
			defaultConfigurationIsVisible = 0;
			defaultConfigurationName = Release;
		};
/* End XCConfigurationList section */
	};
	rootObject = 07F3E5D21BE541B500948758 /* Project object */;
}
