// !$*UTF8*$!
{
	archiveVersion = 1;
	classes = {
	};
	objectVersion = 46;
	objects = {

/* Begin PBXBuildFile section */
		07DCFCC81BEAF37900AC18B3 /* DNMScoreModelManager.swift in Sources */ = {isa = PBXBuildFile; fileRef = 07DCFCC71BEAF37900AC18B3 /* DNMScoreModelManager.swift */; };
		07E4DCC51BE68A8400AF0DE9 /* DNMScoreModelFromShorthand.swift in Sources */ = {isa = PBXBuildFile; fileRef = 07E4DCC41BE68A8400AF0DE9 /* DNMScoreModelFromShorthand.swift */; };
		07F3E5AD1BE53EFE00948758 /* DNMConverter.h in Headers */ = {isa = PBXBuildFile; fileRef = 07F3E5AC1BE53EFE00948758 /* DNMConverter.h */; settings = {ATTRIBUTES = (Public, ); }; };
		07F3E5B41BE53EFE00948758 /* DNMConverter.framework in Frameworks */ = {isa = PBXBuildFile; fileRef = 07F3E5A91BE53EFE00948758 /* DNMConverter.framework */; };
		07F3E5B91BE53EFE00948758 /* DNMConverterTests.swift in Sources */ = {isa = PBXBuildFile; fileRef = 07F3E5B81BE53EFE00948758 /* DNMConverterTests.swift */; };
		07F3E7851BE67D0E00948758 /* Action.swift in Sources */ = {isa = PBXBuildFile; fileRef = 07F3E77E1BE67D0E00948758 /* Action.swift */; };
		07F3E7861BE67D0E00948758 /* Interpreter.swift in Sources */ = {isa = PBXBuildFile; fileRef = 07F3E77F1BE67D0E00948758 /* Interpreter.swift */; };
		07F3E7871BE67D0E00948758 /* Item.swift in Sources */ = {isa = PBXBuildFile; fileRef = 07F3E7801BE67D0E00948758 /* Item.swift */; };
		07F3E7881BE67D0E00948758 /* Parser.swift in Sources */ = {isa = PBXBuildFile; fileRef = 07F3E7811BE67D0E00948758 /* Parser.swift */; };
		07F3E7891BE67D0E00948758 /* Scanner.swift in Sources */ = {isa = PBXBuildFile; fileRef = 07F3E7821BE67D0E00948758 /* Scanner.swift */; };
		07F3E78A1BE67D0E00948758 /* Token.swift in Sources */ = {isa = PBXBuildFile; fileRef = 07F3E7831BE67D0E00948758 /* Token.swift */; };
		07F3E78B1BE67D0E00948758 /* Tokenizer.swift in Sources */ = {isa = PBXBuildFile; fileRef = 07F3E7841BE67D0E00948758 /* Tokenizer.swift */; };
		07F3E78D1BE67D4200948758 /* DNMUtility.framework in Frameworks */ = {isa = PBXBuildFile; fileRef = 07F3E78C1BE67D4200948758 /* DNMUtility.framework */; };
		07F3E78F1BE67D4700948758 /* DNMModel.framework in Frameworks */ = {isa = PBXBuildFile; fileRef = 07F3E78E1BE67D4700948758 /* DNMModel.framework */; };
/* End PBXBuildFile section */

/* Begin PBXContainerItemProxy section */
		07F3E5B51BE53EFE00948758 /* PBXContainerItemProxy */ = {
			isa = PBXContainerItemProxy;
			containerPortal = 07F3E5A01BE53EFE00948758 /* Project object */;
			proxyType = 1;
			remoteGlobalIDString = 07F3E5A81BE53EFE00948758;
			remoteInfo = DNMConverter;
		};
/* End PBXContainerItemProxy section */

/* Begin PBXFileReference section */
		07DCFCC71BEAF37900AC18B3 /* DNMScoreModelManager.swift */ = {isa = PBXFileReference; fileEncoding = 4; lastKnownFileType = sourcecode.swift; path = DNMScoreModelManager.swift; sourceTree = "<group>"; };
		07E4DCC41BE68A8400AF0DE9 /* DNMScoreModelFromShorthand.swift */ = {isa = PBXFileReference; fileEncoding = 4; lastKnownFileType = sourcecode.swift; path = DNMScoreModelFromShorthand.swift; sourceTree = "<group>"; };
		07F3E5A91BE53EFE00948758 /* DNMConverter.framework */ = {isa = PBXFileReference; explicitFileType = wrapper.framework; includeInIndex = 0; path = DNMConverter.framework; sourceTree = BUILT_PRODUCTS_DIR; };
		07F3E5AC1BE53EFE00948758 /* DNMConverter.h */ = {isa = PBXFileReference; lastKnownFileType = sourcecode.c.h; path = DNMConverter.h; sourceTree = "<group>"; };
		07F3E5AE1BE53EFE00948758 /* Info.plist */ = {isa = PBXFileReference; lastKnownFileType = text.plist.xml; path = Info.plist; sourceTree = "<group>"; };
		07F3E5B31BE53EFE00948758 /* DNMConverterTests.xctest */ = {isa = PBXFileReference; explicitFileType = wrapper.cfbundle; includeInIndex = 0; path = DNMConverterTests.xctest; sourceTree = BUILT_PRODUCTS_DIR; };
		07F3E5B81BE53EFE00948758 /* DNMConverterTests.swift */ = {isa = PBXFileReference; lastKnownFileType = sourcecode.swift; path = DNMConverterTests.swift; sourceTree = "<group>"; };
		07F3E5BA1BE53EFE00948758 /* Info.plist */ = {isa = PBXFileReference; lastKnownFileType = text.plist.xml; path = Info.plist; sourceTree = "<group>"; };
		07F3E77E1BE67D0E00948758 /* Action.swift */ = {isa = PBXFileReference; fileEncoding = 4; lastKnownFileType = sourcecode.swift; path = Action.swift; sourceTree = "<group>"; };
		07F3E77F1BE67D0E00948758 /* Interpreter.swift */ = {isa = PBXFileReference; fileEncoding = 4; lastKnownFileType = sourcecode.swift; path = Interpreter.swift; sourceTree = "<group>"; };
		07F3E7801BE67D0E00948758 /* Item.swift */ = {isa = PBXFileReference; fileEncoding = 4; lastKnownFileType = sourcecode.swift; path = Item.swift; sourceTree = "<group>"; };
		07F3E7811BE67D0E00948758 /* Parser.swift */ = {isa = PBXFileReference; fileEncoding = 4; lastKnownFileType = sourcecode.swift; path = Parser.swift; sourceTree = "<group>"; };
		07F3E7821BE67D0E00948758 /* Scanner.swift */ = {isa = PBXFileReference; fileEncoding = 4; lastKnownFileType = sourcecode.swift; path = Scanner.swift; sourceTree = "<group>"; };
		07F3E7831BE67D0E00948758 /* Token.swift */ = {isa = PBXFileReference; fileEncoding = 4; lastKnownFileType = sourcecode.swift; path = Token.swift; sourceTree = "<group>"; };
		07F3E7841BE67D0E00948758 /* Tokenizer.swift */ = {isa = PBXFileReference; fileEncoding = 4; lastKnownFileType = sourcecode.swift; path = Tokenizer.swift; sourceTree = "<group>"; };
		07F3E78C1BE67D4200948758 /* DNMUtility.framework */ = {isa = PBXFileReference; lastKnownFileType = wrapper.framework; name = DNMUtility.framework; path = "../../Library/Developer/Xcode/DerivedData/DNMKit-esdtrfkhfgwporgtaosmhetlvrqe/Build/Products/Debug-iphoneos/DNMUtility.framework"; sourceTree = "<group>"; };
		07F3E78E1BE67D4700948758 /* DNMModel.framework */ = {isa = PBXFileReference; lastKnownFileType = wrapper.framework; name = DNMModel.framework; path = "../../Library/Developer/Xcode/DerivedData/DNMKit-esdtrfkhfgwporgtaosmhetlvrqe/Build/Products/Debug-iphoneos/DNMModel.framework"; sourceTree = "<group>"; };
/* End PBXFileReference section */

/* Begin PBXFrameworksBuildPhase section */
		07F3E5A51BE53EFE00948758 /* Frameworks */ = {
			isa = PBXFrameworksBuildPhase;
			buildActionMask = 2147483647;
			files = (
				07F3E78D1BE67D4200948758 /* DNMUtility.framework in Frameworks */,
				07F3E78F1BE67D4700948758 /* DNMModel.framework in Frameworks */,
			);
			runOnlyForDeploymentPostprocessing = 0;
		};
		07F3E5B01BE53EFE00948758 /* Frameworks */ = {
			isa = PBXFrameworksBuildPhase;
			buildActionMask = 2147483647;
			files = (
				07F3E5B41BE53EFE00948758 /* DNMConverter.framework in Frameworks */,
			);
			runOnlyForDeploymentPostprocessing = 0;
		};
/* End PBXFrameworksBuildPhase section */

/* Begin PBXGroup section */
		07F3E59F1BE53EFE00948758 = {
			isa = PBXGroup;
			children = (
				07F3E78E1BE67D4700948758 /* DNMModel.framework */,
				07F3E78C1BE67D4200948758 /* DNMUtility.framework */,
				07F3E5AB1BE53EFE00948758 /* DNMConverter */,
				07F3E5B71BE53EFE00948758 /* DNMConverterTests */,
				07F3E5AA1BE53EFE00948758 /* Products */,
			);
			sourceTree = "<group>";
		};
		07F3E5AA1BE53EFE00948758 /* Products */ = {
			isa = PBXGroup;
			children = (
				07F3E5A91BE53EFE00948758 /* DNMConverter.framework */,
				07F3E5B31BE53EFE00948758 /* DNMConverterTests.xctest */,
			);
			name = Products;
			sourceTree = "<group>";
		};
		07F3E5AB1BE53EFE00948758 /* DNMConverter */ = {
			isa = PBXGroup;
			children = (
				07F3E5C31BE540E400948758 /* Shorthand */,
				07F3E5AC1BE53EFE00948758 /* DNMConverter.h */,
				07F3E5AE1BE53EFE00948758 /* Info.plist */,
			);
			path = DNMConverter;
			sourceTree = "<group>";
		};
		07F3E5B71BE53EFE00948758 /* DNMConverterTests */ = {
			isa = PBXGroup;
			children = (
				07F3E5B81BE53EFE00948758 /* DNMConverterTests.swift */,
				07F3E5BA1BE53EFE00948758 /* Info.plist */,
			);
			path = DNMConverterTests;
			sourceTree = "<group>";
		};
		07F3E5C31BE540E400948758 /* Shorthand */ = {
			isa = PBXGroup;
			children = (
				07F3E77E1BE67D0E00948758 /* Action.swift */,
				07F3E77F1BE67D0E00948758 /* Interpreter.swift */,
				07F3E7801BE67D0E00948758 /* Item.swift */,
				07F3E7811BE67D0E00948758 /* Parser.swift */,
				07F3E7821BE67D0E00948758 /* Scanner.swift */,
				07F3E7831BE67D0E00948758 /* Token.swift */,
				07F3E7841BE67D0E00948758 /* Tokenizer.swift */,
				07E4DCC41BE68A8400AF0DE9 /* DNMScoreModelFromShorthand.swift */,
				07DCFCC71BEAF37900AC18B3 /* DNMScoreModelManager.swift */,
			);
			name = Shorthand;
			sourceTree = "<group>";
		};
/* End PBXGroup section */

/* Begin PBXHeadersBuildPhase section */
		07F3E5A61BE53EFE00948758 /* Headers */ = {
			isa = PBXHeadersBuildPhase;
			buildActionMask = 2147483647;
			files = (
				07F3E5AD1BE53EFE00948758 /* DNMConverter.h in Headers */,
			);
			runOnlyForDeploymentPostprocessing = 0;
		};
/* End PBXHeadersBuildPhase section */

/* Begin PBXNativeTarget section */
		07F3E5A81BE53EFE00948758 /* DNMConverter */ = {
			isa = PBXNativeTarget;
			buildConfigurationList = 07F3E5BD1BE53EFE00948758 /* Build configuration list for PBXNativeTarget "DNMConverter" */;
			buildPhases = (
				07F3E5A41BE53EFE00948758 /* Sources */,
				07F3E5A51BE53EFE00948758 /* Frameworks */,
				07F3E5A61BE53EFE00948758 /* Headers */,
				07F3E5A71BE53EFE00948758 /* Resources */,
			);
			buildRules = (
			);
			dependencies = (
			);
			name = DNMConverter;
			productName = DNMConverter;
			productReference = 07F3E5A91BE53EFE00948758 /* DNMConverter.framework */;
			productType = "com.apple.product-type.framework";
		};
		07F3E5B21BE53EFE00948758 /* DNMConverterTests */ = {
			isa = PBXNativeTarget;
			buildConfigurationList = 07F3E5C01BE53EFE00948758 /* Build configuration list for PBXNativeTarget "DNMConverterTests" */;
			buildPhases = (
				07F3E5AF1BE53EFE00948758 /* Sources */,
				07F3E5B01BE53EFE00948758 /* Frameworks */,
				07F3E5B11BE53EFE00948758 /* Resources */,
			);
			buildRules = (
			);
			dependencies = (
				07F3E5B61BE53EFE00948758 /* PBXTargetDependency */,
			);
			name = DNMConverterTests;
			productName = DNMConverterTests;
			productReference = 07F3E5B31BE53EFE00948758 /* DNMConverterTests.xctest */;
			productType = "com.apple.product-type.bundle.unit-test";
		};
/* End PBXNativeTarget section */

/* Begin PBXProject section */
		07F3E5A01BE53EFE00948758 /* Project object */ = {
			isa = PBXProject;
			attributes = {
				LastSwiftUpdateCheck = 0710;
				LastUpgradeCheck = 0710;
				ORGANIZATIONNAME = "James Bean";
				TargetAttributes = {
					07F3E5A81BE53EFE00948758 = {
						CreatedOnToolsVersion = 7.1;
					};
					07F3E5B21BE53EFE00948758 = {
						CreatedOnToolsVersion = 7.1;
					};
				};
			};
			buildConfigurationList = 07F3E5A31BE53EFE00948758 /* Build configuration list for PBXProject "DNMConverter" */;
			compatibilityVersion = "Xcode 3.2";
			developmentRegion = English;
			hasScannedForEncodings = 0;
			knownRegions = (
				en,
			);
			mainGroup = 07F3E59F1BE53EFE00948758;
			productRefGroup = 07F3E5AA1BE53EFE00948758 /* Products */;
			projectDirPath = "";
			projectRoot = "";
			targets = (
				07F3E5A81BE53EFE00948758 /* DNMConverter */,
				07F3E5B21BE53EFE00948758 /* DNMConverterTests */,
			);
		};
/* End PBXProject section */

/* Begin PBXResourcesBuildPhase section */
		07F3E5A71BE53EFE00948758 /* Resources */ = {
			isa = PBXResourcesBuildPhase;
			buildActionMask = 2147483647;
			files = (
			);
			runOnlyForDeploymentPostprocessing = 0;
		};
		07F3E5B11BE53EFE00948758 /* Resources */ = {
			isa = PBXResourcesBuildPhase;
			buildActionMask = 2147483647;
			files = (
			);
			runOnlyForDeploymentPostprocessing = 0;
		};
/* End PBXResourcesBuildPhase section */

/* Begin PBXSourcesBuildPhase section */
		07F3E5A41BE53EFE00948758 /* Sources */ = {
			isa = PBXSourcesBuildPhase;
			buildActionMask = 2147483647;
			files = (
				07E4DCC51BE68A8400AF0DE9 /* DNMScoreModelFromShorthand.swift in Sources */,
				07F3E7881BE67D0E00948758 /* Parser.swift in Sources */,
				07F3E7861BE67D0E00948758 /* Interpreter.swift in Sources */,
				07F3E7871BE67D0E00948758 /* Item.swift in Sources */,
				07F3E78B1BE67D0E00948758 /* Tokenizer.swift in Sources */,
				07F3E78A1BE67D0E00948758 /* Token.swift in Sources */,
				07DCFCC81BEAF37900AC18B3 /* DNMScoreModelManager.swift in Sources */,
				07F3E7891BE67D0E00948758 /* Scanner.swift in Sources */,
				07F3E7851BE67D0E00948758 /* Action.swift in Sources */,
			);
			runOnlyForDeploymentPostprocessing = 0;
		};
		07F3E5AF1BE53EFE00948758 /* Sources */ = {
			isa = PBXSourcesBuildPhase;
			buildActionMask = 2147483647;
			files = (
				07F3E5B91BE53EFE00948758 /* DNMConverterTests.swift in Sources */,
			);
			runOnlyForDeploymentPostprocessing = 0;
		};
/* End PBXSourcesBuildPhase section */

/* Begin PBXTargetDependency section */
		07F3E5B61BE53EFE00948758 /* PBXTargetDependency */ = {
			isa = PBXTargetDependency;
			target = 07F3E5A81BE53EFE00948758 /* DNMConverter */;
			targetProxy = 07F3E5B51BE53EFE00948758 /* PBXContainerItemProxy */;
		};
/* End PBXTargetDependency section */

/* Begin XCBuildConfiguration section */
		07F3E5BB1BE53EFE00948758 /* Debug */ = {
			isa = XCBuildConfiguration;
			buildSettings = {
				ALWAYS_SEARCH_USER_PATHS = NO;
				CLANG_CXX_LANGUAGE_STANDARD = "gnu++0x";
				CLANG_CXX_LIBRARY = "libc++";
				CLANG_ENABLE_MODULES = YES;
				CLANG_ENABLE_OBJC_ARC = YES;
				CLANG_WARN_BOOL_CONVERSION = YES;
				CLANG_WARN_CONSTANT_CONVERSION = YES;
				CLANG_WARN_DIRECT_OBJC_ISA_USAGE = YES_ERROR;
				CLANG_WARN_EMPTY_BODY = YES;
				CLANG_WARN_ENUM_CONVERSION = YES;
				CLANG_WARN_INT_CONVERSION = YES;
				CLANG_WARN_OBJC_ROOT_CLASS = YES_ERROR;
				CLANG_WARN_UNREACHABLE_CODE = YES;
				CLANG_WARN__DUPLICATE_METHOD_MATCH = YES;
				"CODE_SIGN_IDENTITY[sdk=iphoneos*]" = "iPhone Developer";
				COPY_PHASE_STRIP = NO;
				CURRENT_PROJECT_VERSION = 1;
				DEBUG_INFORMATION_FORMAT = dwarf;
				ENABLE_STRICT_OBJC_MSGSEND = YES;
				ENABLE_TESTABILITY = YES;
				GCC_C_LANGUAGE_STANDARD = gnu99;
				GCC_DYNAMIC_NO_PIC = NO;
				GCC_NO_COMMON_BLOCKS = YES;
				GCC_OPTIMIZATION_LEVEL = 0;
				GCC_PREPROCESSOR_DEFINITIONS = (
					"DEBUG=1",
					"$(inherited)",
				);
				GCC_WARN_64_TO_32_BIT_CONVERSION = YES;
				GCC_WARN_ABOUT_RETURN_TYPE = YES_ERROR;
				GCC_WARN_UNDECLARED_SELECTOR = YES;
				GCC_WARN_UNINITIALIZED_AUTOS = YES_AGGRESSIVE;
				GCC_WARN_UNUSED_FUNCTION = YES;
				GCC_WARN_UNUSED_VARIABLE = YES;
				IPHONEOS_DEPLOYMENT_TARGET = 9.1;
				MTL_ENABLE_DEBUG_INFO = YES;
				ONLY_ACTIVE_ARCH = YES;
				SDKROOT = iphoneos;
				SWIFT_OPTIMIZATION_LEVEL = "-Onone";
				TARGETED_DEVICE_FAMILY = "1,2";
				VERSIONING_SYSTEM = "apple-generic";
				VERSION_INFO_PREFIX = "";
			};
			name = Debug;
		};
		07F3E5BC1BE53EFE00948758 /* Release */ = {
			isa = XCBuildConfiguration;
			buildSettings = {
				ALWAYS_SEARCH_USER_PATHS = NO;
				CLANG_CXX_LANGUAGE_STANDARD = "gnu++0x";
				CLANG_CXX_LIBRARY = "libc++";
				CLANG_ENABLE_MODULES = YES;
				CLANG_ENABLE_OBJC_ARC = YES;
				CLANG_WARN_BOOL_CONVERSION = YES;
				CLANG_WARN_CONSTANT_CONVERSION = YES;
				CLANG_WARN_DIRECT_OBJC_ISA_USAGE = YES_ERROR;
				CLANG_WARN_EMPTY_BODY = YES;
				CLANG_WARN_ENUM_CONVERSION = YES;
				CLANG_WARN_INT_CONVERSION = YES;
				CLANG_WARN_OBJC_ROOT_CLASS = YES_ERROR;
				CLANG_WARN_UNREACHABLE_CODE = YES;
				CLANG_WARN__DUPLICATE_METHOD_MATCH = YES;
				"CODE_SIGN_IDENTITY[sdk=iphoneos*]" = "iPhone Developer";
				COPY_PHASE_STRIP = NO;
				CURRENT_PROJECT_VERSION = 1;
				DEBUG_INFORMATION_FORMAT = "dwarf-with-dsym";
				ENABLE_NS_ASSERTIONS = NO;
				ENABLE_STRICT_OBJC_MSGSEND = YES;
				GCC_C_LANGUAGE_STANDARD = gnu99;
				GCC_NO_COMMON_BLOCKS = YES;
				GCC_WARN_64_TO_32_BIT_CONVERSION = YES;
				GCC_WARN_ABOUT_RETURN_TYPE = YES_ERROR;
				GCC_WARN_UNDECLARED_SELECTOR = YES;
				GCC_WARN_UNINITIALIZED_AUTOS = YES_AGGRESSIVE;
				GCC_WARN_UNUSED_FUNCTION = YES;
				GCC_WARN_UNUSED_VARIABLE = YES;
				IPHONEOS_DEPLOYMENT_TARGET = 9.1;
				MTL_ENABLE_DEBUG_INFO = NO;
				SDKROOT = iphoneos;
				TARGETED_DEVICE_FAMILY = "1,2";
				VALIDATE_PRODUCT = YES;
				VERSIONING_SYSTEM = "apple-generic";
				VERSION_INFO_PREFIX = "";
			};
			name = Release;
		};
		07F3E5BE1BE53EFE00948758 /* Debug */ = {
			isa = XCBuildConfiguration;
			buildSettings = {
				CLANG_ENABLE_MODULES = YES;
				DEFINES_MODULE = YES;
				DYLIB_COMPATIBILITY_VERSION = 1;
				DYLIB_CURRENT_VERSION = 1;
				DYLIB_INSTALL_NAME_BASE = "@rpath";
				INFOPLIST_FILE = DNMConverter/Info.plist;
				INSTALL_PATH = "$(LOCAL_LIBRARY_DIR)/Frameworks";
				LD_RUNPATH_SEARCH_PATHS = "$(inherited) @executable_path/Frameworks @loader_path/Frameworks";
				PRODUCT_BUNDLE_IDENTIFIER = com.bean.DNMConverter;
				PRODUCT_NAME = "$(TARGET_NAME)";
				SKIP_INSTALL = YES;
				SWIFT_OPTIMIZATION_LEVEL = "-Onone";
			};
			name = Debug;
		};
		07F3E5BF1BE53EFE00948758 /* Release */ = {
			isa = XCBuildConfiguration;
			buildSettings = {
				CLANG_ENABLE_MODULES = YES;
				DEFINES_MODULE = YES;
				DYLIB_COMPATIBILITY_VERSION = 1;
				DYLIB_CURRENT_VERSION = 1;
				DYLIB_INSTALL_NAME_BASE = "@rpath";
				INFOPLIST_FILE = DNMConverter/Info.plist;
				INSTALL_PATH = "$(LOCAL_LIBRARY_DIR)/Frameworks";
				LD_RUNPATH_SEARCH_PATHS = "$(inherited) @executable_path/Frameworks @loader_path/Frameworks";
				PRODUCT_BUNDLE_IDENTIFIER = com.bean.DNMConverter;
				PRODUCT_NAME = "$(TARGET_NAME)";
				SKIP_INSTALL = YES;
			};
			name = Release;
		};
		07F3E5C11BE53EFE00948758 /* Debug */ = {
			isa = XCBuildConfiguration;
			buildSettings = {
				INFOPLIST_FILE = DNMConverterTests/Info.plist;
				LD_RUNPATH_SEARCH_PATHS = "$(inherited) @executable_path/Frameworks @loader_path/Frameworks";
				PRODUCT_BUNDLE_IDENTIFIER = com.bean.DNMConverterTests;
				PRODUCT_NAME = "$(TARGET_NAME)";
			};
			name = Debug;
		};
		07F3E5C21BE53EFE00948758 /* Release */ = {
			isa = XCBuildConfiguration;
			buildSettings = {
				INFOPLIST_FILE = DNMConverterTests/Info.plist;
				LD_RUNPATH_SEARCH_PATHS = "$(inherited) @executable_path/Frameworks @loader_path/Frameworks";
				PRODUCT_BUNDLE_IDENTIFIER = com.bean.DNMConverterTests;
				PRODUCT_NAME = "$(TARGET_NAME)";
			};
			name = Release;
		};
/* End XCBuildConfiguration section */

/* Begin XCConfigurationList section */
		07F3E5A31BE53EFE00948758 /* Build configuration list for PBXProject "DNMConverter" */ = {
			isa = XCConfigurationList;
			buildConfigurations = (
				07F3E5BB1BE53EFE00948758 /* Debug */,
				07F3E5BC1BE53EFE00948758 /* Release */,
			);
			defaultConfigurationIsVisible = 0;
			defaultConfigurationName = Release;
		};
		07F3E5BD1BE53EFE00948758 /* Build configuration list for PBXNativeTarget "DNMConverter" */ = {
			isa = XCConfigurationList;
			buildConfigurations = (
				07F3E5BE1BE53EFE00948758 /* Debug */,
				07F3E5BF1BE53EFE00948758 /* Release */,
			);
			defaultConfigurationIsVisible = 0;
			defaultConfigurationName = Release;
		};
		07F3E5C01BE53EFE00948758 /* Build configuration list for PBXNativeTarget "DNMConverterTests" */ = {
			isa = XCConfigurationList;
			buildConfigurations = (
				07F3E5C11BE53EFE00948758 /* Debug */,
				07F3E5C21BE53EFE00948758 /* Release */,
			);
			defaultConfigurationIsVisible = 0;
			defaultConfigurationName = Release;
		};
/* End XCConfigurationList section */
	};
	rootObject = 07F3E5A01BE53EFE00948758 /* Project object */;
}
